
Microsoft Visual Studio Solution File, Format Version 12.00
# Visual Studio Version 17
VisualStudioVersion = 17.2.32516.85
MinimumVisualStudioVersion = 10.0.40219.1
Project("{FAE04EC0-301F-11D3-BF4B-00C04F79EFBC}") = "ejercicio4", "ejercicio4\ejercicio4.csproj", "{77249589-A1A1-452E-85BD-4F0E7E8467A8}"
EndProject
Global
	GlobalSection(SolutionConfigurationPlatforms) = preSolution
		Debug|Any CPU = Debug|Any CPU
		Release|Any CPU = Release|Any CPU
	EndGlobalSection
	GlobalSection(ProjectConfigurationPlatforms) = postSolution
		{77249589-A1A1-452E-85BD-4F0E7E8467A8}.Debug|Any CPU.ActiveCfg = Debug|Any CPU
		{77249589-A1A1-452E-85BD-4F0E7E8467A8}.Debug|Any CPU.Build.0 = Debug|Any CPU
		{77249589-A1A1-452E-85BD-4F0E7E8467A8}.Release|Any CPU.ActiveCfg = Release|Any CPU
		{77249589-A1A1-452E-85BD-4F0E7E8467A8}.Release|Any CPU.Build.0 = Release|Any CPU
	EndGlobalSection
	GlobalSection(SolutionProperties) = preSolution
		HideSolutionNode = FALSE
	EndGlobalSection
	GlobalSection(ExtensibilityGlobals) = postSolution
		SolutionGuid = {5B48CFFB-2BDB-4978-AD24-FBD3C760137B}
	EndGlobalSection
EndGlobal
