
Microsoft Visual Studio Solution File, Format Version 12.00
# Visual Studio Version 17
VisualStudioVersion = 17.2.32516.85
MinimumVisualStudioVersion = 10.0.40219.1
Project("{FAE04EC0-301F-11D3-BF4B-00C04F79EFBC}") = "punto3", "punto3\punto3.csproj", "{6862EF98-5606-43CF-A879-46BCA31E6978}"
EndProject
Global
	GlobalSection(SolutionConfigurationPlatforms) = preSolution
		Debug|Any CPU = Debug|Any CPU
		Release|Any CPU = Release|Any CPU
	EndGlobalSection
	GlobalSection(ProjectConfigurationPlatforms) = postSolution
		{6862EF98-5606-43CF-A879-46BCA31E6978}.Debug|Any CPU.ActiveCfg = Debug|Any CPU
		{6862EF98-5606-43CF-A879-46BCA31E6978}.Debug|Any CPU.Build.0 = Debug|Any CPU
		{6862EF98-5606-43CF-A879-46BCA31E6978}.Release|Any CPU.ActiveCfg = Release|Any CPU
		{6862EF98-5606-43CF-A879-46BCA31E6978}.Release|Any CPU.Build.0 = Release|Any CPU
	EndGlobalSection
	GlobalSection(SolutionProperties) = preSolution
		HideSolutionNode = FALSE
	EndGlobalSection
	GlobalSection(ExtensibilityGlobals) = postSolution
		SolutionGuid = {48BD3A17-0D92-422E-90E4-DED2BA97998F}
	EndGlobalSection
EndGlobal
